{
  "version": 4,
  "terraform_version": "1.11.2",
  "serial": 27,
  "lineage": "bf2d96fd-e441-bc5e-0809-539c2c4af17e",
  "outputs": {},
  "resources": [
    {
      "mode": "data",
      "type": "aws_iam_role",
      "name": "lambda_role",
      "provider": "provider[\"registry.terraform.io/hashicorp/aws\"]",
      "instances": [
        {
          "schema_version": 0,
          "attributes": {
            "arn": "arn:aws:iam::084375588502:role/lambda-s3-role",
            "assume_role_policy": "{\"Version\":\"2012-10-17\",\"Statement\":[{\"Effect\":\"Allow\",\"Principal\":{\"Service\":\"lambda.amazonaws.com\"},\"Action\":\"sts:AssumeRole\"}]}",
            "create_date": "2025-03-17T05:44:08Z",
            "description": "Allows Lambda functions to call AWS services on your behalf.",
            "id": "lambda-s3-role",
            "max_session_duration": 3600,
            "name": "lambda-s3-role",
            "path": "/",
            "permissions_boundary": "",
            "role_last_used": [
              {
                "last_used_date": "",
                "region": ""
              }
            ],
            "tags": {},
            "unique_id": "AROARHJJNJ2LHDWRGYE7W"
          },
          "sensitive_attributes": []
        }
      ]
    },
    {
      "mode": "data",
      "type": "aws_s3_bucket",
      "name": "bronze",
      "provider": "provider[\"registry.terraform.io/hashicorp/aws\"]",
      "instances": [
        {
          "schema_version": 0,
          "attributes": {
            "arn": "arn:aws:s3:::fin-data-pipeline-bronze",
            "bucket": "fin-data-pipeline-bronze",
            "bucket_domain_name": "fin-data-pipeline-bronze.s3.amazonaws.com",
            "bucket_regional_domain_name": "fin-data-pipeline-bronze.s3.eu-central-1.amazonaws.com",
            "hosted_zone_id": "Z21DNDUVLTQW6Q",
            "id": "fin-data-pipeline-bronze",
            "region": "eu-central-1",
            "website_domain": null,
            "website_endpoint": null
          },
          "sensitive_attributes": []
        }
      ]
    },
    {
      "mode": "data",
      "type": "aws_s3_bucket",
      "name": "gold",
      "provider": "provider[\"registry.terraform.io/hashicorp/aws\"]",
      "instances": [
        {
          "schema_version": 0,
          "attributes": {
            "arn": "arn:aws:s3:::fin-data-pipeline-gold",
            "bucket": "fin-data-pipeline-gold",
            "bucket_domain_name": "fin-data-pipeline-gold.s3.amazonaws.com",
            "bucket_regional_domain_name": "fin-data-pipeline-gold.s3.eu-central-1.amazonaws.com",
            "hosted_zone_id": "Z21DNDUVLTQW6Q",
            "id": "fin-data-pipeline-gold",
            "region": "eu-central-1",
            "website_domain": null,
            "website_endpoint": null
          },
          "sensitive_attributes": []
        }
      ]
    },
    {
      "mode": "data",
      "type": "aws_s3_bucket",
      "name": "silver",
      "provider": "provider[\"registry.terraform.io/hashicorp/aws\"]",
      "instances": [
        {
          "schema_version": 0,
          "attributes": {
            "arn": "arn:aws:s3:::fin-data-pipeline-silver",
            "bucket": "fin-data-pipeline-silver",
            "bucket_domain_name": "fin-data-pipeline-silver.s3.amazonaws.com",
            "bucket_regional_domain_name": "fin-data-pipeline-silver.s3.eu-central-1.amazonaws.com",
            "hosted_zone_id": "Z21DNDUVLTQW6Q",
            "id": "fin-data-pipeline-silver",
            "region": "eu-central-1",
            "website_domain": null,
            "website_endpoint": null
          },
          "sensitive_attributes": []
        }
      ]
    },
    {
      "mode": "managed",
      "type": "aws_lambda_function",
      "name": "bronze_to_silver",
      "provider": "provider[\"registry.terraform.io/hashicorp/aws\"]",
      "instances": [
        {
          "schema_version": 0,
          "attributes": {
            "architectures": [
              "x86_64"
            ],
            "arn": "arn:aws:lambda:eu-central-1:084375588502:function:bronze-to-silver-lambda",
            "code_sha256": "CR3X5a7138ZqKZysCtleMNUIO2wVHxw35Mmi21IpSnE=",
            "code_signing_config_arn": "",
            "dead_letter_config": [],
            "description": "",
            "environment": [],
            "ephemeral_storage": [
              {
                "size": 512
              }
            ],
            "file_system_config": [],
            "filename": null,
            "function_name": "bronze-to-silver-lambda",
            "handler": "bronze_to_silver.lambda_handler",
            "id": "bronze-to-silver-lambda",
            "image_config": [],
            "image_uri": "",
            "invoke_arn": "arn:aws:apigateway:eu-central-1:lambda:path/2015-03-31/functions/arn:aws:lambda:eu-central-1:084375588502:function:bronze-to-silver-lambda/invocations",
            "kms_key_arn": "",
            "last_modified": "2025-03-16T15:33:00.000+0000",
            "layers": [],
            "logging_config": [
              {
                "application_log_level": "",
                "log_format": "Text",
                "log_group": "/aws/lambda/bronze-to-silver-lambda",
                "system_log_level": ""
              }
            ],
            "memory_size": 128,
            "package_type": "Zip",
            "publish": false,
            "qualified_arn": "arn:aws:lambda:eu-central-1:084375588502:function:bronze-to-silver-lambda:$LATEST",
            "qualified_invoke_arn": "arn:aws:apigateway:eu-central-1:lambda:path/2015-03-31/functions/arn:aws:lambda:eu-central-1:084375588502:function:bronze-to-silver-lambda:$LATEST/invocations",
            "replace_security_groups_on_destroy": null,
            "replacement_security_group_ids": null,
            "reserved_concurrent_executions": -1,
            "role": "arn:aws:iam::084375588502:role/lambda-s3-role",
            "runtime": "python3.12",
            "s3_bucket": null,
            "s3_key": null,
            "s3_object_version": null,
            "signing_job_arn": "",
            "signing_profile_version_arn": "",
            "skip_destroy": false,
            "snap_start": [],
            "source_code_hash": "CR3X5a7138ZqKZysCtleMNUIO2wVHxw35Mmi21IpSnE=",
            "source_code_size": 797,
            "tags": {},
            "tags_all": {},
            "timeout": 3,
            "timeouts": null,
            "tracing_config": [
              {
                "mode": "PassThrough"
              }
            ],
            "version": "$LATEST",
            "vpc_config": []
          },
          "sensitive_attributes": [],
          "private": "eyJlMmJmYjczMC1lY2FhLTExZTYtOGY4OC0zNDM2M2JjN2M0YzAiOnsiY3JlYXRlIjo2MDAwMDAwMDAwMDAsImRlbGV0ZSI6NjAwMDAwMDAwMDAwLCJ1cGRhdGUiOjYwMDAwMDAwMDAwMH19",
          "dependencies": [
            "data.aws_iam_role.lambda_role"
          ]
        }
      ]
    },
    {
      "mode": "managed",
      "type": "aws_lambda_function",
      "name": "silver_to_gold",
      "provider": "provider[\"registry.terraform.io/hashicorp/aws\"]",
      "instances": [
        {
          "schema_version": 0,
          "attributes": {
            "architectures": [
              "x86_64"
            ],
            "arn": "arn:aws:lambda:eu-central-1:084375588502:function:silver-to-gold-lambda",
            "code_sha256": "i9mjeWtBGK5w1ml9MfFVTmSIRC/LM6g1I/mrsa4ynLQ=",
            "code_signing_config_arn": "",
            "dead_letter_config": [],
            "description": "",
            "environment": [],
            "ephemeral_storage": [
              {
                "size": 512
              }
            ],
            "file_system_config": [],
            "filename": null,
            "function_name": "silver-to-gold-lambda",
            "handler": "silver_to_gold.lambda_handler",
            "id": "silver-to-gold-lambda",
            "image_config": [],
            "image_uri": "",
            "invoke_arn": "arn:aws:apigateway:eu-central-1:lambda:path/2015-03-31/functions/arn:aws:lambda:eu-central-1:084375588502:function:silver-to-gold-lambda/invocations",
            "kms_key_arn": "",
            "last_modified": "2025-03-16T19:30:48.969+0000",
            "layers": [],
            "logging_config": [
              {
                "application_log_level": "",
                "log_format": "Text",
                "log_group": "/aws/lambda/silver-to-gold-lambda",
                "system_log_level": ""
              }
            ],
            "memory_size": 128,
            "package_type": "Zip",
            "publish": false,
            "qualified_arn": "arn:aws:lambda:eu-central-1:084375588502:function:silver-to-gold-lambda:$LATEST",
            "qualified_invoke_arn": "arn:aws:apigateway:eu-central-1:lambda:path/2015-03-31/functions/arn:aws:lambda:eu-central-1:084375588502:function:silver-to-gold-lambda:$LATEST/invocations",
            "replace_security_groups_on_destroy": null,
            "replacement_security_group_ids": null,
            "reserved_concurrent_executions": -1,
            "role": "arn:aws:iam::084375588502:role/lambda-s3-role",
            "runtime": "python3.12",
            "s3_bucket": null,
            "s3_key": null,
            "s3_object_version": null,
            "signing_job_arn": "",
            "signing_profile_version_arn": "",
            "skip_destroy": false,
            "snap_start": [],
            "source_code_hash": "i9mjeWtBGK5w1ml9MfFVTmSIRC/LM6g1I/mrsa4ynLQ=",
            "source_code_size": 809,
            "tags": {},
            "tags_all": {},
            "timeout": 3,
            "timeouts": null,
            "tracing_config": [
              {
                "mode": "PassThrough"
              }
            ],
            "version": "$LATEST",
            "vpc_config": []
          },
          "sensitive_attributes": [],
          "private": "eyJlMmJmYjczMC1lY2FhLTExZTYtOGY4OC0zNDM2M2JjN2M0YzAiOnsiY3JlYXRlIjo2MDAwMDAwMDAwMDAsImRlbGV0ZSI6NjAwMDAwMDAwMDAwLCJ1cGRhdGUiOjYwMDAwMDAwMDAwMH19",
          "dependencies": [
            "data.aws_iam_role.lambda_role"
          ]
        }
      ]
    }
  ],
  "check_results": null
}
